
Microsoft Visual Studio Solution File, Format Version 12.00
# Visual Studio Version 16
VisualStudioVersion = 16.0.32002.261
MinimumVisualStudioVersion = 10.0.40219.1
Project("{FAE04EC0-301F-11D3-BF4B-00C04F79EFBC}") = "KvadrFunkce", "KvadrFunkce.csproj", "{3370856D-579B-42E8-BA3B-AEAA669A6F6D}"
EndProject
Project("{FAE04EC0-301F-11D3-BF4B-00C04F79EFBC}") = "UnitDTest", "..\UnitDTest\UnitDTest.csproj", "{611D1400-D9F4-42EE-8DD1-D0BFFDC0C087}"
EndProject
Global
	GlobalSection(SolutionConfigurationPlatforms) = preSolution
		Debug|Any CPU = Debug|Any CPU
		Release|Any CPU = Release|Any CPU
	EndGlobalSection
	GlobalSection(ProjectConfigurationPlatforms) = postSolution
		{3370856D-579B-42E8-BA3B-AEAA669A6F6D}.Debug|Any CPU.ActiveCfg = Debug|Any CPU
		{3370856D-579B-42E8-BA3B-AEAA669A6F6D}.Debug|Any CPU.Build.0 = Debug|Any CPU
		{3370856D-579B-42E8-BA3B-AEAA669A6F6D}.Release|Any CPU.ActiveCfg = Release|Any CPU
		{3370856D-579B-42E8-BA3B-AEAA669A6F6D}.Release|Any CPU.Build.0 = Release|Any CPU
		{611D1400-D9F4-42EE-8DD1-D0BFFDC0C087}.Debug|Any CPU.ActiveCfg = Debug|Any CPU
		{611D1400-D9F4-42EE-8DD1-D0BFFDC0C087}.Debug|Any CPU.Build.0 = Debug|Any CPU
		{611D1400-D9F4-42EE-8DD1-D0BFFDC0C087}.Release|Any CPU.ActiveCfg = Release|Any CPU
		{611D1400-D9F4-42EE-8DD1-D0BFFDC0C087}.Release|Any CPU.Build.0 = Release|Any CPU
	EndGlobalSection
	GlobalSection(SolutionProperties) = preSolution
		HideSolutionNode = FALSE
	EndGlobalSection
	GlobalSection(ExtensibilityGlobals) = postSolution
		SolutionGuid = {C7BFEBC3-8A92-48F5-A50E-577D3984A95F}
	EndGlobalSection
EndGlobal
